
Microsoft Visual Studio Solution File, Format Version 12.00
# Visual Studio Version 16
VisualStudioVersion = 16.0.30523.141
MinimumVisualStudioVersion = 10.0.40219.1
Project("{FAE04EC0-301F-11D3-BF4B-00C04F79EFBC}") = "Vidly", "Vidly\Vidly.csproj", "{64E48DC7-1795-4C56-9D0A-A8685835AB86}"
EndProject
Global
	GlobalSection(SolutionConfigurationPlatforms) = preSolution
		Debug|Any CPU = Debug|Any CPU
		Release|Any CPU = Release|Any CPU
	EndGlobalSection
	GlobalSection(ProjectConfigurationPlatforms) = postSolution
		{64E48DC7-1795-4C56-9D0A-A8685835AB86}.Debug|Any CPU.ActiveCfg = Debug|Any CPU
		{64E48DC7-1795-4C56-9D0A-A8685835AB86}.Debug|Any CPU.Build.0 = Debug|Any CPU
		{64E48DC7-1795-4C56-9D0A-A8685835AB86}.Release|Any CPU.ActiveCfg = Release|Any CPU
		{64E48DC7-1795-4C56-9D0A-A8685835AB86}.Release|Any CPU.Build.0 = Release|Any CPU
	EndGlobalSection
	GlobalSection(SolutionProperties) = preSolution
		HideSolutionNode = FALSE
	EndGlobalSection
	GlobalSection(ExtensibilityGlobals) = postSolution
		SolutionGuid = {106EE2F3-29ED-4FCD-9D0E-5B57042F111A}
	EndGlobalSection
EndGlobal
